
Microsoft Visual Studio Solution File, Format Version 12.00
# Visual Studio Version 17
VisualStudioVersion = 17.3.32901.215
MinimumVisualStudioVersion = 10.0.40219.1
Project("{FAE04EC0-301F-11D3-BF4B-00C04F79EFBC}") = "confronto_ordinamenti", "confronto_ordinamenti\confronto_ordinamenti.csproj", "{A6ECA610-C394-4D65-A5CC-2984B5230E81}"
EndProject
Global
	GlobalSection(SolutionConfigurationPlatforms) = preSolution
		Debug|Any CPU = Debug|Any CPU
		Release|Any CPU = Release|Any CPU
	EndGlobalSection
	GlobalSection(ProjectConfigurationPlatforms) = postSolution
		{A6ECA610-C394-4D65-A5CC-2984B5230E81}.Debug|Any CPU.ActiveCfg = Debug|Any CPU
		{A6ECA610-C394-4D65-A5CC-2984B5230E81}.Debug|Any CPU.Build.0 = Debug|Any CPU
		{A6ECA610-C394-4D65-A5CC-2984B5230E81}.Release|Any CPU.ActiveCfg = Release|Any CPU
		{A6ECA610-C394-4D65-A5CC-2984B5230E81}.Release|Any CPU.Build.0 = Release|Any CPU
	EndGlobalSection
	GlobalSection(SolutionProperties) = preSolution
		HideSolutionNode = FALSE
	EndGlobalSection
	GlobalSection(ExtensibilityGlobals) = postSolution
		SolutionGuid = {67BC528B-30EE-48F0-9DCD-93D42C5F1AC6}
	EndGlobalSection
EndGlobal
