
Microsoft Visual Studio Solution File, Format Version 12.00
# Visual Studio Version 16
VisualStudioVersion = 16.0.29411.108
MinimumVisualStudioVersion = 10.0.40219.1
Project("{9A19103F-16F7-4668-BE54-9A1E7A4F7556}") = "01_16_Viaggi", "01_16_Viaggi\01_16_Viaggi.csproj", "{BA1A659E-A3DD-4FBB-8BEE-E34939C7AF88}"
EndProject
Project("{FAE04EC0-301F-11D3-BF4B-00C04F79EFBC}") = "ViaggiWeb", "ViaggiWeb\ViaggiWeb.csproj", "{F2BF7499-8876-4F62-B231-B4081092CFFF}"
EndProject
Global
	GlobalSection(SolutionConfigurationPlatforms) = preSolution
		Debug|Any CPU = Debug|Any CPU
		Release|Any CPU = Release|Any CPU
	EndGlobalSection
	GlobalSection(ProjectConfigurationPlatforms) = postSolution
		{BA1A659E-A3DD-4FBB-8BEE-E34939C7AF88}.Debug|Any CPU.ActiveCfg = Debug|Any CPU
		{BA1A659E-A3DD-4FBB-8BEE-E34939C7AF88}.Debug|Any CPU.Build.0 = Debug|Any CPU
		{BA1A659E-A3DD-4FBB-8BEE-E34939C7AF88}.Release|Any CPU.ActiveCfg = Release|Any CPU
		{BA1A659E-A3DD-4FBB-8BEE-E34939C7AF88}.Release|Any CPU.Build.0 = Release|Any CPU
		{F2BF7499-8876-4F62-B231-B4081092CFFF}.Debug|Any CPU.ActiveCfg = Debug|Any CPU
		{F2BF7499-8876-4F62-B231-B4081092CFFF}.Debug|Any CPU.Build.0 = Debug|Any CPU
		{F2BF7499-8876-4F62-B231-B4081092CFFF}.Release|Any CPU.ActiveCfg = Release|Any CPU
		{F2BF7499-8876-4F62-B231-B4081092CFFF}.Release|Any CPU.Build.0 = Release|Any CPU
	EndGlobalSection
	GlobalSection(SolutionProperties) = preSolution
		HideSolutionNode = FALSE
	EndGlobalSection
	GlobalSection(ExtensibilityGlobals) = postSolution
		SolutionGuid = {D05EC7F0-8035-4A1D-B8B0-8F60762353DF}
	EndGlobalSection
EndGlobal
