
Microsoft Visual Studio Solution File, Format Version 12.00
# Visual Studio Version 16
VisualStudioVersion = 16.0.29411.108
MinimumVisualStudioVersion = 10.0.40219.1
Project("{FAE04EC0-301F-11D3-BF4B-00C04F79EFBC}") = "InterfacciaStrumenti", "InterfacciaStrumenti\InterfacciaStrumenti.csproj", "{DCFC46EC-3632-4C87-9EE2-AB22BA7BEDBA}"
EndProject
Global
	GlobalSection(SolutionConfigurationPlatforms) = preSolution
		Debug|Any CPU = Debug|Any CPU
		Release|Any CPU = Release|Any CPU
	EndGlobalSection
	GlobalSection(ProjectConfigurationPlatforms) = postSolution
		{DCFC46EC-3632-4C87-9EE2-AB22BA7BEDBA}.Debug|Any CPU.ActiveCfg = Debug|Any CPU
		{DCFC46EC-3632-4C87-9EE2-AB22BA7BEDBA}.Debug|Any CPU.Build.0 = Debug|Any CPU
		{DCFC46EC-3632-4C87-9EE2-AB22BA7BEDBA}.Release|Any CPU.ActiveCfg = Release|Any CPU
		{DCFC46EC-3632-4C87-9EE2-AB22BA7BEDBA}.Release|Any CPU.Build.0 = Release|Any CPU
	EndGlobalSection
	GlobalSection(SolutionProperties) = preSolution
		HideSolutionNode = FALSE
	EndGlobalSection
	GlobalSection(ExtensibilityGlobals) = postSolution
		SolutionGuid = {347562D7-00FF-4E80-B17A-EDDB731659C5}
	EndGlobalSection
EndGlobal
