
Microsoft Visual Studio Solution File, Format Version 12.00
# Visual Studio Version 16
VisualStudioVersion = 16.0.33423.256
MinimumVisualStudioVersion = 10.0.40219.1
Project("{FAE04EC0-301F-11D3-BF4B-00C04F79EFBC}") = "deep_copy", "deep_copy\deep_copy.csproj", "{34B6AC66-2F86-4B7E-8A91-7419A7B304F4}"
EndProject
Global
	GlobalSection(SolutionConfigurationPlatforms) = preSolution
		Debug|Any CPU = Debug|Any CPU
		Release|Any CPU = Release|Any CPU
	EndGlobalSection
	GlobalSection(ProjectConfigurationPlatforms) = postSolution
		{34B6AC66-2F86-4B7E-8A91-7419A7B304F4}.Debug|Any CPU.ActiveCfg = Debug|Any CPU
		{34B6AC66-2F86-4B7E-8A91-7419A7B304F4}.Debug|Any CPU.Build.0 = Debug|Any CPU
		{34B6AC66-2F86-4B7E-8A91-7419A7B304F4}.Release|Any CPU.ActiveCfg = Release|Any CPU
		{34B6AC66-2F86-4B7E-8A91-7419A7B304F4}.Release|Any CPU.Build.0 = Release|Any CPU
	EndGlobalSection
	GlobalSection(SolutionProperties) = preSolution
		HideSolutionNode = FALSE
	EndGlobalSection
	GlobalSection(ExtensibilityGlobals) = postSolution
		SolutionGuid = {997832BA-1704-4B04-8B73-1EE57FB51976}
	EndGlobalSection
EndGlobal
