
Microsoft Visual Studio Solution File, Format Version 12.00
# Visual Studio Version 17
VisualStudioVersion = 17.14.36616.10 d17.14
MinimumVisualStudioVersion = 10.0.40219.1
Project("{FAE04EC0-301F-11D3-BF4B-00C04F79EFBC}") = "51-Es9Pag115", "51-Es9Pag115\51-Es9Pag115.csproj", "{A004CCB4-71A8-4AF5-AA99-C27DFE979A83}"
EndProject
Global
	GlobalSection(SolutionConfigurationPlatforms) = preSolution
		Debug|Any CPU = Debug|Any CPU
		Release|Any CPU = Release|Any CPU
	EndGlobalSection
	GlobalSection(ProjectConfigurationPlatforms) = postSolution
		{A004CCB4-71A8-4AF5-AA99-C27DFE979A83}.Debug|Any CPU.ActiveCfg = Debug|Any CPU
		{A004CCB4-71A8-4AF5-AA99-C27DFE979A83}.Debug|Any CPU.Build.0 = Debug|Any CPU
		{A004CCB4-71A8-4AF5-AA99-C27DFE979A83}.Release|Any CPU.ActiveCfg = Release|Any CPU
		{A004CCB4-71A8-4AF5-AA99-C27DFE979A83}.Release|Any CPU.Build.0 = Release|Any CPU
	EndGlobalSection
	GlobalSection(SolutionProperties) = preSolution
		HideSolutionNode = FALSE
	EndGlobalSection
	GlobalSection(ExtensibilityGlobals) = postSolution
		SolutionGuid = {B3AA37A3-9A62-4B75-8568-DA13ACF87BE0}
	EndGlobalSection
EndGlobal
