
Microsoft Visual Studio Solution File, Format Version 12.00
# Visual Studio Version 17
VisualStudioVersion = 17.14.36616.10 d17.14
MinimumVisualStudioVersion = 10.0.40219.1
Project("{FAE04EC0-301F-11D3-BF4B-00C04F79EFBC}") = "39-RicercaSequenziale4", "39-RicercaSequenziale4\39-RicercaSequenziale4.csproj", "{FE399386-A1C0-4133-A63A-76B6507CF4B8}"
EndProject
Global
	GlobalSection(SolutionConfigurationPlatforms) = preSolution
		Debug|Any CPU = Debug|Any CPU
		Release|Any CPU = Release|Any CPU
	EndGlobalSection
	GlobalSection(ProjectConfigurationPlatforms) = postSolution
		{FE399386-A1C0-4133-A63A-76B6507CF4B8}.Debug|Any CPU.ActiveCfg = Debug|Any CPU
		{FE399386-A1C0-4133-A63A-76B6507CF4B8}.Debug|Any CPU.Build.0 = Debug|Any CPU
		{FE399386-A1C0-4133-A63A-76B6507CF4B8}.Release|Any CPU.ActiveCfg = Release|Any CPU
		{FE399386-A1C0-4133-A63A-76B6507CF4B8}.Release|Any CPU.Build.0 = Release|Any CPU
	EndGlobalSection
	GlobalSection(SolutionProperties) = preSolution
		HideSolutionNode = FALSE
	EndGlobalSection
	GlobalSection(ExtensibilityGlobals) = postSolution
		SolutionGuid = {E4F8B268-5870-40E0-A0DB-8981CF305898}
	EndGlobalSection
EndGlobal
