
Microsoft Visual Studio Solution File, Format Version 12.00
# Visual Studio Version 16
VisualStudioVersion = 16.0.29411.108
MinimumVisualStudioVersion = 10.0.40219.1
Project("{FAE04EC0-301F-11D3-BF4B-00C04F79EFBC}") = "01_10_Piloti", "01_10_Piloti\01_10_Piloti.csproj", "{E54312C0-B32F-4D7A-90DB-36FE32663A4B}"
EndProject
Global
	GlobalSection(SolutionConfigurationPlatforms) = preSolution
		Debug|Any CPU = Debug|Any CPU
		Release|Any CPU = Release|Any CPU
	EndGlobalSection
	GlobalSection(ProjectConfigurationPlatforms) = postSolution
		{E54312C0-B32F-4D7A-90DB-36FE32663A4B}.Debug|Any CPU.ActiveCfg = Debug|Any CPU
		{E54312C0-B32F-4D7A-90DB-36FE32663A4B}.Debug|Any CPU.Build.0 = Debug|Any CPU
		{E54312C0-B32F-4D7A-90DB-36FE32663A4B}.Release|Any CPU.ActiveCfg = Release|Any CPU
		{E54312C0-B32F-4D7A-90DB-36FE32663A4B}.Release|Any CPU.Build.0 = Release|Any CPU
	EndGlobalSection
	GlobalSection(SolutionProperties) = preSolution
		HideSolutionNode = FALSE
	EndGlobalSection
	GlobalSection(ExtensibilityGlobals) = postSolution
		SolutionGuid = {8818DBE9-F1CC-4B45-9227-3992B855014F}
	EndGlobalSection
EndGlobal
