
Microsoft Visual Studio Solution File, Format Version 12.00
# Visual Studio Version 17
VisualStudioVersion = 17.3.32901.215
MinimumVisualStudioVersion = 10.0.40219.1
Project("{FAE04EC0-301F-11D3-BF4B-00C04F79EFBC}") = "21-Es4Pag84", "21-Es4Pag84\21-Es4Pag84.csproj", "{F303306A-8156-47C9-B0EB-543D12B03B51}"
EndProject
Global
	GlobalSection(SolutionConfigurationPlatforms) = preSolution
		Debug|Any CPU = Debug|Any CPU
		Release|Any CPU = Release|Any CPU
	EndGlobalSection
	GlobalSection(ProjectConfigurationPlatforms) = postSolution
		{F303306A-8156-47C9-B0EB-543D12B03B51}.Debug|Any CPU.ActiveCfg = Debug|Any CPU
		{F303306A-8156-47C9-B0EB-543D12B03B51}.Debug|Any CPU.Build.0 = Debug|Any CPU
		{F303306A-8156-47C9-B0EB-543D12B03B51}.Release|Any CPU.ActiveCfg = Release|Any CPU
		{F303306A-8156-47C9-B0EB-543D12B03B51}.Release|Any CPU.Build.0 = Release|Any CPU
	EndGlobalSection
	GlobalSection(SolutionProperties) = preSolution
		HideSolutionNode = FALSE
	EndGlobalSection
	GlobalSection(ExtensibilityGlobals) = postSolution
		SolutionGuid = {98AD2BCC-20CC-42CF-8359-B4DF3318D4D3}
	EndGlobalSection
EndGlobal
