
Microsoft Visual Studio Solution File, Format Version 12.00
# Visual Studio Version 17
VisualStudioVersion = 17.3.32901.215
MinimumVisualStudioVersion = 10.0.40219.1
Project("{FAE04EC0-301F-11D3-BF4B-00C04F79EFBC}") = "es_4_TOSCO", "es_4_TOSCO\es_4_TOSCO.csproj", "{35EE0AB5-D3CE-4449-9888-F3C6C1340BCD}"
EndProject
Global
	GlobalSection(SolutionConfigurationPlatforms) = preSolution
		Debug|Any CPU = Debug|Any CPU
		Release|Any CPU = Release|Any CPU
	EndGlobalSection
	GlobalSection(ProjectConfigurationPlatforms) = postSolution
		{35EE0AB5-D3CE-4449-9888-F3C6C1340BCD}.Debug|Any CPU.ActiveCfg = Debug|Any CPU
		{35EE0AB5-D3CE-4449-9888-F3C6C1340BCD}.Debug|Any CPU.Build.0 = Debug|Any CPU
		{35EE0AB5-D3CE-4449-9888-F3C6C1340BCD}.Release|Any CPU.ActiveCfg = Release|Any CPU
		{35EE0AB5-D3CE-4449-9888-F3C6C1340BCD}.Release|Any CPU.Build.0 = Release|Any CPU
	EndGlobalSection
	GlobalSection(SolutionProperties) = preSolution
		HideSolutionNode = FALSE
	EndGlobalSection
	GlobalSection(ExtensibilityGlobals) = postSolution
		SolutionGuid = {EF6806EE-52B9-40DF-85D0-274644F082F0}
	EndGlobalSection
EndGlobal
