
Microsoft Visual Studio Solution File, Format Version 12.00
# Visual Studio Version 16
VisualStudioVersion = 16.0.29503.13
MinimumVisualStudioVersion = 10.0.40219.1
Project("{FAE04EC0-301F-11D3-BF4B-00C04F79EFBC}") = "04-MetodoFactory", "04-MetodoFactory\04-MetodoFactory.csproj", "{139CA9FE-2AA1-4299-B9F4-6B3208CB7EAD}"
EndProject
Global
	GlobalSection(SolutionConfigurationPlatforms) = preSolution
		Debug|Any CPU = Debug|Any CPU
		Release|Any CPU = Release|Any CPU
	EndGlobalSection
	GlobalSection(ProjectConfigurationPlatforms) = postSolution
		{139CA9FE-2AA1-4299-B9F4-6B3208CB7EAD}.Debug|Any CPU.ActiveCfg = Debug|Any CPU
		{139CA9FE-2AA1-4299-B9F4-6B3208CB7EAD}.Debug|Any CPU.Build.0 = Debug|Any CPU
		{139CA9FE-2AA1-4299-B9F4-6B3208CB7EAD}.Release|Any CPU.ActiveCfg = Release|Any CPU
		{139CA9FE-2AA1-4299-B9F4-6B3208CB7EAD}.Release|Any CPU.Build.0 = Release|Any CPU
	EndGlobalSection
	GlobalSection(SolutionProperties) = preSolution
		HideSolutionNode = FALSE
	EndGlobalSection
	GlobalSection(ExtensibilityGlobals) = postSolution
		SolutionGuid = {A48C7242-ECFD-4A20-BD8F-48A9D136E0AC}
	EndGlobalSection
EndGlobal
