
Microsoft Visual Studio Solution File, Format Version 12.00
# Visual Studio Version 16
VisualStudioVersion = 16.0.31019.35
MinimumVisualStudioVersion = 10.0.40219.1
Project("{FAE04EC0-301F-11D3-BF4B-00C04F79EFBC}") = "17-PrimoEsDispenseMana[Delegate]", "17-PrimoEsDispenseMana[Delegate]\17-PrimoEsDispenseMana[Delegate].csproj", "{B88BE39D-07B1-472C-9C12-DDE138932477}"
EndProject
Global
	GlobalSection(SolutionConfigurationPlatforms) = preSolution
		Debug|Any CPU = Debug|Any CPU
		Release|Any CPU = Release|Any CPU
	EndGlobalSection
	GlobalSection(ProjectConfigurationPlatforms) = postSolution
		{B88BE39D-07B1-472C-9C12-DDE138932477}.Debug|Any CPU.ActiveCfg = Debug|Any CPU
		{B88BE39D-07B1-472C-9C12-DDE138932477}.Debug|Any CPU.Build.0 = Debug|Any CPU
		{B88BE39D-07B1-472C-9C12-DDE138932477}.Release|Any CPU.ActiveCfg = Release|Any CPU
		{B88BE39D-07B1-472C-9C12-DDE138932477}.Release|Any CPU.Build.0 = Release|Any CPU
	EndGlobalSection
	GlobalSection(SolutionProperties) = preSolution
		HideSolutionNode = FALSE
	EndGlobalSection
	GlobalSection(ExtensibilityGlobals) = postSolution
		SolutionGuid = {8C7FDA97-83CF-4253-94F9-A4B18F9AC613}
	EndGlobalSection
EndGlobal
