
Microsoft Visual Studio Solution File, Format Version 12.00
# Visual Studio Version 17
VisualStudioVersion = 17.11.35303.130
MinimumVisualStudioVersion = 10.0.40219.1
Project("{FAE04EC0-301F-11D3-BF4B-00C04F79EFBC}") = "14-Es47p86", "14-Es47p86\14-Es47p86.csproj", "{EA85999F-A84C-4A69-9D94-53F031E80BD2}"
EndProject
Global
	GlobalSection(SolutionConfigurationPlatforms) = preSolution
		Debug|Any CPU = Debug|Any CPU
		Release|Any CPU = Release|Any CPU
	EndGlobalSection
	GlobalSection(ProjectConfigurationPlatforms) = postSolution
		{EA85999F-A84C-4A69-9D94-53F031E80BD2}.Debug|Any CPU.ActiveCfg = Debug|Any CPU
		{EA85999F-A84C-4A69-9D94-53F031E80BD2}.Debug|Any CPU.Build.0 = Debug|Any CPU
		{EA85999F-A84C-4A69-9D94-53F031E80BD2}.Release|Any CPU.ActiveCfg = Release|Any CPU
		{EA85999F-A84C-4A69-9D94-53F031E80BD2}.Release|Any CPU.Build.0 = Release|Any CPU
	EndGlobalSection
	GlobalSection(SolutionProperties) = preSolution
		HideSolutionNode = FALSE
	EndGlobalSection
	GlobalSection(ExtensibilityGlobals) = postSolution
		SolutionGuid = {DB0A54E8-6229-4B52-86D8-E282A1DF5ADC}
	EndGlobalSection
EndGlobal
