
Microsoft Visual Studio Solution File, Format Version 12.00
# Visual Studio Version 16
VisualStudioVersion = 16.0.29411.108
MinimumVisualStudioVersion = 10.0.40219.1
Project("{FAE04EC0-301F-11D3-BF4B-00C04F79EFBC}") = "14-Uso InterfacciaIComparable", "14-Uso InterfacciaIComparable\14-Uso InterfacciaIComparable.csproj", "{09144233-4F22-46CA-AA3D-BFAF8C516EE5}"
EndProject
Global
	GlobalSection(SolutionConfigurationPlatforms) = preSolution
		Debug|Any CPU = Debug|Any CPU
		Release|Any CPU = Release|Any CPU
	EndGlobalSection
	GlobalSection(ProjectConfigurationPlatforms) = postSolution
		{09144233-4F22-46CA-AA3D-BFAF8C516EE5}.Debug|Any CPU.ActiveCfg = Debug|Any CPU
		{09144233-4F22-46CA-AA3D-BFAF8C516EE5}.Debug|Any CPU.Build.0 = Debug|Any CPU
		{09144233-4F22-46CA-AA3D-BFAF8C516EE5}.Release|Any CPU.ActiveCfg = Release|Any CPU
		{09144233-4F22-46CA-AA3D-BFAF8C516EE5}.Release|Any CPU.Build.0 = Release|Any CPU
	EndGlobalSection
	GlobalSection(SolutionProperties) = preSolution
		HideSolutionNode = FALSE
	EndGlobalSection
	GlobalSection(ExtensibilityGlobals) = postSolution
		SolutionGuid = {346DFDEF-B442-4D00-B6BC-FE22DD389AB6}
	EndGlobalSection
EndGlobal
