
Microsoft Visual Studio Solution File, Format Version 12.00
# Visual Studio Version 17
VisualStudioVersion = 17.11.35303.130
MinimumVisualStudioVersion = 10.0.40219.1
Project("{FAE04EC0-301F-11D3-BF4B-00C04F79EFBC}") = "Es38p85", "Es38p85\Es38p85.csproj", "{DFBC476E-EDF3-4944-8D26-16D6A42E6886}"
EndProject
Global
	GlobalSection(SolutionConfigurationPlatforms) = preSolution
		Debug|Any CPU = Debug|Any CPU
		Release|Any CPU = Release|Any CPU
	EndGlobalSection
	GlobalSection(ProjectConfigurationPlatforms) = postSolution
		{DFBC476E-EDF3-4944-8D26-16D6A42E6886}.Debug|Any CPU.ActiveCfg = Debug|Any CPU
		{DFBC476E-EDF3-4944-8D26-16D6A42E6886}.Debug|Any CPU.Build.0 = Debug|Any CPU
		{DFBC476E-EDF3-4944-8D26-16D6A42E6886}.Release|Any CPU.ActiveCfg = Release|Any CPU
		{DFBC476E-EDF3-4944-8D26-16D6A42E6886}.Release|Any CPU.Build.0 = Release|Any CPU
	EndGlobalSection
	GlobalSection(SolutionProperties) = preSolution
		HideSolutionNode = FALSE
	EndGlobalSection
	GlobalSection(ExtensibilityGlobals) = postSolution
		SolutionGuid = {D01CA679-CC16-4CA6-8D72-ADF5B07BEAD6}
	EndGlobalSection
EndGlobal
