
Microsoft Visual Studio Solution File, Format Version 12.00
# Visual Studio Version 17
VisualStudioVersion = 17.14.36616.10 d17.14
MinimumVisualStudioVersion = 10.0.40219.1
Project("{FAE04EC0-301F-11D3-BF4B-00C04F79EFBC}") = "P6CaricamentoFile", "P6CaricamentoFile\P6CaricamentoFile.csproj", "{FA10D862-258B-4460-B14A-C91E12330523}"
EndProject
Global
	GlobalSection(SolutionConfigurationPlatforms) = preSolution
		Debug|Any CPU = Debug|Any CPU
		Release|Any CPU = Release|Any CPU
	EndGlobalSection
	GlobalSection(ProjectConfigurationPlatforms) = postSolution
		{FA10D862-258B-4460-B14A-C91E12330523}.Debug|Any CPU.ActiveCfg = Debug|Any CPU
		{FA10D862-258B-4460-B14A-C91E12330523}.Debug|Any CPU.Build.0 = Debug|Any CPU
		{FA10D862-258B-4460-B14A-C91E12330523}.Release|Any CPU.ActiveCfg = Release|Any CPU
		{FA10D862-258B-4460-B14A-C91E12330523}.Release|Any CPU.Build.0 = Release|Any CPU
	EndGlobalSection
	GlobalSection(SolutionProperties) = preSolution
		HideSolutionNode = FALSE
	EndGlobalSection
	GlobalSection(ExtensibilityGlobals) = postSolution
		SolutionGuid = {17CB0137-FCB1-461B-B781-E274463FA619}
	EndGlobalSection
EndGlobal
