
Microsoft Visual Studio Solution File, Format Version 12.00
# Visual Studio Version 16
VisualStudioVersion = 16.0.29411.108
MinimumVisualStudioVersion = 10.0.40219.1
Project("{FAE04EC0-301F-11D3-BF4B-00C04F79EFBC}") = "EsSQL03", "EsSQL03\EsSQL03.csproj", "{26923345-46B3-49FE-8292-829C87162444}"
EndProject
Global
	GlobalSection(SolutionConfigurationPlatforms) = preSolution
		Debug|Any CPU = Debug|Any CPU
		Release|Any CPU = Release|Any CPU
	EndGlobalSection
	GlobalSection(ProjectConfigurationPlatforms) = postSolution
		{26923345-46B3-49FE-8292-829C87162444}.Debug|Any CPU.ActiveCfg = Debug|Any CPU
		{26923345-46B3-49FE-8292-829C87162444}.Debug|Any CPU.Build.0 = Debug|Any CPU
		{26923345-46B3-49FE-8292-829C87162444}.Release|Any CPU.ActiveCfg = Release|Any CPU
		{26923345-46B3-49FE-8292-829C87162444}.Release|Any CPU.Build.0 = Release|Any CPU
	EndGlobalSection
	GlobalSection(SolutionProperties) = preSolution
		HideSolutionNode = FALSE
	EndGlobalSection
	GlobalSection(ExtensibilityGlobals) = postSolution
		SolutionGuid = {9DBD1682-F00B-4A72-9B63-C929F63ABE6D}
	EndGlobalSection
EndGlobal
