
Microsoft Visual Studio Solution File, Format Version 12.00
# Visual Studio Version 17
VisualStudioVersion = 17.14.36616.10 d17.14
MinimumVisualStudioVersion = 10.0.40219.1
Project("{FAE04EC0-301F-11D3-BF4B-00C04F79EFBC}") = "52-Es7pag115", "52-Es7pag115\52-Es7pag115.csproj", "{B529C361-EF44-4DDE-9B33-079EFF55BD24}"
EndProject
Global
	GlobalSection(SolutionConfigurationPlatforms) = preSolution
		Debug|Any CPU = Debug|Any CPU
		Release|Any CPU = Release|Any CPU
	EndGlobalSection
	GlobalSection(ProjectConfigurationPlatforms) = postSolution
		{B529C361-EF44-4DDE-9B33-079EFF55BD24}.Debug|Any CPU.ActiveCfg = Debug|Any CPU
		{B529C361-EF44-4DDE-9B33-079EFF55BD24}.Debug|Any CPU.Build.0 = Debug|Any CPU
		{B529C361-EF44-4DDE-9B33-079EFF55BD24}.Release|Any CPU.ActiveCfg = Release|Any CPU
		{B529C361-EF44-4DDE-9B33-079EFF55BD24}.Release|Any CPU.Build.0 = Release|Any CPU
	EndGlobalSection
	GlobalSection(SolutionProperties) = preSolution
		HideSolutionNode = FALSE
	EndGlobalSection
	GlobalSection(ExtensibilityGlobals) = postSolution
		SolutionGuid = {601C0F46-08F0-4D91-85AD-975AAFF2BF6D}
	EndGlobalSection
EndGlobal
