
Microsoft Visual Studio Solution File, Format Version 12.00
# Visual Studio Version 16
VisualStudioVersion = 16.0.30907.101
MinimumVisualStudioVersion = 10.0.40219.1
Project("{FAE04EC0-301F-11D3-BF4B-00C04F79EFBC}") = "Es01ClasseAstratta", "Es01ClasseAstratta\Es01ClasseAstratta.csproj", "{AA9A7EF0-9068-4096-9160-F7A2FE0E41A6}"
EndProject
Global
	GlobalSection(SolutionConfigurationPlatforms) = preSolution
		Debug|Any CPU = Debug|Any CPU
		Release|Any CPU = Release|Any CPU
	EndGlobalSection
	GlobalSection(ProjectConfigurationPlatforms) = postSolution
		{AA9A7EF0-9068-4096-9160-F7A2FE0E41A6}.Debug|Any CPU.ActiveCfg = Debug|Any CPU
		{AA9A7EF0-9068-4096-9160-F7A2FE0E41A6}.Debug|Any CPU.Build.0 = Debug|Any CPU
		{AA9A7EF0-9068-4096-9160-F7A2FE0E41A6}.Release|Any CPU.ActiveCfg = Release|Any CPU
		{AA9A7EF0-9068-4096-9160-F7A2FE0E41A6}.Release|Any CPU.Build.0 = Release|Any CPU
	EndGlobalSection
	GlobalSection(SolutionProperties) = preSolution
		HideSolutionNode = FALSE
	EndGlobalSection
	GlobalSection(ExtensibilityGlobals) = postSolution
		SolutionGuid = {2F4DF5DD-B9B0-4F1F-A5EE-FDFA1B1D4BBF}
	EndGlobalSection
EndGlobal
