
Microsoft Visual Studio Solution File, Format Version 12.00
# Visual Studio Version 16
VisualStudioVersion = 16.0.29411.108
MinimumVisualStudioVersion = 10.0.40219.1
Project("{FAE04EC0-301F-11D3-BF4B-00C04F79EFBC}") = "es60p249", "es60p249\es60p249.csproj", "{83BBA1E5-F6A1-4406-8CAA-870E05A284A3}"
EndProject
Global
	GlobalSection(SolutionConfigurationPlatforms) = preSolution
		Debug|Any CPU = Debug|Any CPU
		Release|Any CPU = Release|Any CPU
	EndGlobalSection
	GlobalSection(ProjectConfigurationPlatforms) = postSolution
		{83BBA1E5-F6A1-4406-8CAA-870E05A284A3}.Debug|Any CPU.ActiveCfg = Debug|Any CPU
		{83BBA1E5-F6A1-4406-8CAA-870E05A284A3}.Debug|Any CPU.Build.0 = Debug|Any CPU
		{83BBA1E5-F6A1-4406-8CAA-870E05A284A3}.Release|Any CPU.ActiveCfg = Release|Any CPU
		{83BBA1E5-F6A1-4406-8CAA-870E05A284A3}.Release|Any CPU.Build.0 = Release|Any CPU
	EndGlobalSection
	GlobalSection(SolutionProperties) = preSolution
		HideSolutionNode = FALSE
	EndGlobalSection
	GlobalSection(ExtensibilityGlobals) = postSolution
		SolutionGuid = {DD997A5D-A796-4EB0-AD26-5210CF2A8F62}
	EndGlobalSection
EndGlobal
