
Microsoft Visual Studio Solution File, Format Version 12.00
# Visual Studio Version 17
VisualStudioVersion = 17.0.31903.59
MinimumVisualStudioVersion = 10.0.40219.1
Project("{FAE04EC0-301F-11D3-BF4B-00C04F79EFBC}") = "MyCourses.Mvc", "MyCourses.Mvc\MyCourses.Mvc.csproj", "{844B9330-D65C-4A07-8156-4880CB221972}"
EndProject
Project("{FAE04EC0-301F-11D3-BF4B-00C04F79EFBC}") = "MyCourses.Models", "MyCourses.Models\MyCourses.Models.csproj", "{4DD24F85-2042-42F8-B926-6FDFAB91A649}"
EndProject
Global
	GlobalSection(SolutionConfigurationPlatforms) = preSolution
		Debug|Any CPU = Debug|Any CPU
		Release|Any CPU = Release|Any CPU
	EndGlobalSection
	GlobalSection(SolutionProperties) = preSolution
		HideSolutionNode = FALSE
	EndGlobalSection
	GlobalSection(ProjectConfigurationPlatforms) = postSolution
		{844B9330-D65C-4A07-8156-4880CB221972}.Debug|Any CPU.ActiveCfg = Debug|Any CPU
		{844B9330-D65C-4A07-8156-4880CB221972}.Debug|Any CPU.Build.0 = Debug|Any CPU
		{844B9330-D65C-4A07-8156-4880CB221972}.Release|Any CPU.ActiveCfg = Release|Any CPU
		{844B9330-D65C-4A07-8156-4880CB221972}.Release|Any CPU.Build.0 = Release|Any CPU
		{4DD24F85-2042-42F8-B926-6FDFAB91A649}.Debug|Any CPU.ActiveCfg = Debug|Any CPU
		{4DD24F85-2042-42F8-B926-6FDFAB91A649}.Debug|Any CPU.Build.0 = Debug|Any CPU
		{4DD24F85-2042-42F8-B926-6FDFAB91A649}.Release|Any CPU.ActiveCfg = Release|Any CPU
		{4DD24F85-2042-42F8-B926-6FDFAB91A649}.Release|Any CPU.Build.0 = Release|Any CPU
	EndGlobalSection
EndGlobal
