
Microsoft Visual Studio Solution File, Format Version 12.00
# Visual Studio Version 16
VisualStudioVersion = 16.0.29411.108
MinimumVisualStudioVersion = 10.0.40219.1
Project("{FAE04EC0-301F-11D3-BF4B-00C04F79EFBC}") = "WindowsForms01", "WindowsForms01\WindowsForms01.csproj", "{B866D951-6373-475C-8BB5-6255FE8854D8}"
EndProject
Global
	GlobalSection(SolutionConfigurationPlatforms) = preSolution
		Debug|Any CPU = Debug|Any CPU
		Release|Any CPU = Release|Any CPU
	EndGlobalSection
	GlobalSection(ProjectConfigurationPlatforms) = postSolution
		{B866D951-6373-475C-8BB5-6255FE8854D8}.Debug|Any CPU.ActiveCfg = Debug|Any CPU
		{B866D951-6373-475C-8BB5-6255FE8854D8}.Debug|Any CPU.Build.0 = Debug|Any CPU
		{B866D951-6373-475C-8BB5-6255FE8854D8}.Release|Any CPU.ActiveCfg = Release|Any CPU
		{B866D951-6373-475C-8BB5-6255FE8854D8}.Release|Any CPU.Build.0 = Release|Any CPU
	EndGlobalSection
	GlobalSection(SolutionProperties) = preSolution
		HideSolutionNode = FALSE
	EndGlobalSection
	GlobalSection(ExtensibilityGlobals) = postSolution
		SolutionGuid = {545B45E9-C81E-4B92-9BF0-777D93286C67}
	EndGlobalSection
EndGlobal
