
Microsoft Visual Studio Solution File, Format Version 12.00
# Visual Studio Version 17
VisualStudioVersion = 17.4.33213.308
MinimumVisualStudioVersion = 10.0.40219.1
Project("{FAE04EC0-301F-11D3-BF4B-00C04F79EFBC}") = "Es-OOP03", "Es-OOP03.csproj", "{7BE4EDD7-9BD2-4CBB-BDF4-BC790A1AF850}"
EndProject
Global
	GlobalSection(SolutionConfigurationPlatforms) = preSolution
		Debug|Any CPU = Debug|Any CPU
		Release|Any CPU = Release|Any CPU
	EndGlobalSection
	GlobalSection(ProjectConfigurationPlatforms) = postSolution
		{7BE4EDD7-9BD2-4CBB-BDF4-BC790A1AF850}.Debug|Any CPU.ActiveCfg = Debug|Any CPU
		{7BE4EDD7-9BD2-4CBB-BDF4-BC790A1AF850}.Debug|Any CPU.Build.0 = Debug|Any CPU
		{7BE4EDD7-9BD2-4CBB-BDF4-BC790A1AF850}.Release|Any CPU.ActiveCfg = Release|Any CPU
		{7BE4EDD7-9BD2-4CBB-BDF4-BC790A1AF850}.Release|Any CPU.Build.0 = Release|Any CPU
	EndGlobalSection
	GlobalSection(SolutionProperties) = preSolution
		HideSolutionNode = FALSE
	EndGlobalSection
	GlobalSection(ExtensibilityGlobals) = postSolution
		SolutionGuid = {F5995C2F-FC6C-4F11-AD2B-4D66F2AEA5E3}
	EndGlobalSection
EndGlobal
