
Microsoft Visual Studio Solution File, Format Version 12.00
# Visual Studio Version 17
VisualStudioVersion = 17.11.35303.130
MinimumVisualStudioVersion = 10.0.40219.1
Project("{FAE04EC0-301F-11D3-BF4B-00C04F79EFBC}") = "23-Es59p86", "23-Es59p86\23-Es59p86.csproj", "{B43EF98D-081F-4AC2-9CB8-34F4E0F6EF06}"
EndProject
Global
	GlobalSection(SolutionConfigurationPlatforms) = preSolution
		Debug|Any CPU = Debug|Any CPU
		Release|Any CPU = Release|Any CPU
	EndGlobalSection
	GlobalSection(ProjectConfigurationPlatforms) = postSolution
		{B43EF98D-081F-4AC2-9CB8-34F4E0F6EF06}.Debug|Any CPU.ActiveCfg = Debug|Any CPU
		{B43EF98D-081F-4AC2-9CB8-34F4E0F6EF06}.Debug|Any CPU.Build.0 = Debug|Any CPU
		{B43EF98D-081F-4AC2-9CB8-34F4E0F6EF06}.Release|Any CPU.ActiveCfg = Release|Any CPU
		{B43EF98D-081F-4AC2-9CB8-34F4E0F6EF06}.Release|Any CPU.Build.0 = Release|Any CPU
	EndGlobalSection
	GlobalSection(SolutionProperties) = preSolution
		HideSolutionNode = FALSE
	EndGlobalSection
	GlobalSection(ExtensibilityGlobals) = postSolution
		SolutionGuid = {7D9AC8A7-D45A-4EA7-8B4A-1E4C9D98A599}
	EndGlobalSection
EndGlobal
