
Microsoft Visual Studio Solution File, Format Version 12.00
# Visual Studio Version 16
VisualStudioVersion = 16.0.29411.108
MinimumVisualStudioVersion = 10.0.40219.1
Project("{FAE04EC0-301F-11D3-BF4B-00C04F79EFBC}") = "Abstract01", "Abstract01\Abstract01.csproj", "{F351541B-4D4E-4E57-9D5B-24EF67AA9F87}"
EndProject
Global
	GlobalSection(SolutionConfigurationPlatforms) = preSolution
		Debug|Any CPU = Debug|Any CPU
		Release|Any CPU = Release|Any CPU
	EndGlobalSection
	GlobalSection(ProjectConfigurationPlatforms) = postSolution
		{F351541B-4D4E-4E57-9D5B-24EF67AA9F87}.Debug|Any CPU.ActiveCfg = Debug|Any CPU
		{F351541B-4D4E-4E57-9D5B-24EF67AA9F87}.Debug|Any CPU.Build.0 = Debug|Any CPU
		{F351541B-4D4E-4E57-9D5B-24EF67AA9F87}.Release|Any CPU.ActiveCfg = Release|Any CPU
		{F351541B-4D4E-4E57-9D5B-24EF67AA9F87}.Release|Any CPU.Build.0 = Release|Any CPU
	EndGlobalSection
	GlobalSection(SolutionProperties) = preSolution
		HideSolutionNode = FALSE
	EndGlobalSection
	GlobalSection(ExtensibilityGlobals) = postSolution
		SolutionGuid = {975E71C6-6784-4DD1-906B-FEE62F2896E5}
	EndGlobalSection
EndGlobal
