
Microsoft Visual Studio Solution File, Format Version 12.00
# Visual Studio Version 16
VisualStudioVersion = 16.0.29411.108
MinimumVisualStudioVersion = 10.0.40219.1
Project("{FAE04EC0-301F-11D3-BF4B-00C04F79EFBC}") = "04-SquadraCalcio", "04-SquadraCalcio\04-SquadraCalcio.csproj", "{233AEF05-ADD4-48E3-AD4E-8341C2434AEB}"
EndProject
Global
	GlobalSection(SolutionConfigurationPlatforms) = preSolution
		Debug|Any CPU = Debug|Any CPU
		Release|Any CPU = Release|Any CPU
	EndGlobalSection
	GlobalSection(ProjectConfigurationPlatforms) = postSolution
		{233AEF05-ADD4-48E3-AD4E-8341C2434AEB}.Debug|Any CPU.ActiveCfg = Debug|Any CPU
		{233AEF05-ADD4-48E3-AD4E-8341C2434AEB}.Debug|Any CPU.Build.0 = Debug|Any CPU
		{233AEF05-ADD4-48E3-AD4E-8341C2434AEB}.Release|Any CPU.ActiveCfg = Release|Any CPU
		{233AEF05-ADD4-48E3-AD4E-8341C2434AEB}.Release|Any CPU.Build.0 = Release|Any CPU
	EndGlobalSection
	GlobalSection(SolutionProperties) = preSolution
		HideSolutionNode = FALSE
	EndGlobalSection
	GlobalSection(ExtensibilityGlobals) = postSolution
		SolutionGuid = {AB9FEC06-C960-46E4-8D02-46BFFB3D167F}
	EndGlobalSection
EndGlobal
