
Microsoft Visual Studio Solution File, Format Version 12.00
# Visual Studio Version 17
VisualStudioVersion = 17.3.32901.215
MinimumVisualStudioVersion = 10.0.40219.1
Project("{FAE04EC0-301F-11D3-BF4B-00C04F79EFBC}") = "Es 41 pag 85", "Es 41 pag 85\Es 41 pag 85.csproj", "{D98AB9FD-8C75-4D76-9E57-4CB3AA16D33B}"
EndProject
Global
	GlobalSection(SolutionConfigurationPlatforms) = preSolution
		Debug|Any CPU = Debug|Any CPU
		Release|Any CPU = Release|Any CPU
	EndGlobalSection
	GlobalSection(ProjectConfigurationPlatforms) = postSolution
		{D98AB9FD-8C75-4D76-9E57-4CB3AA16D33B}.Debug|Any CPU.ActiveCfg = Debug|Any CPU
		{D98AB9FD-8C75-4D76-9E57-4CB3AA16D33B}.Debug|Any CPU.Build.0 = Debug|Any CPU
		{D98AB9FD-8C75-4D76-9E57-4CB3AA16D33B}.Release|Any CPU.ActiveCfg = Release|Any CPU
		{D98AB9FD-8C75-4D76-9E57-4CB3AA16D33B}.Release|Any CPU.Build.0 = Release|Any CPU
	EndGlobalSection
	GlobalSection(SolutionProperties) = preSolution
		HideSolutionNode = FALSE
	EndGlobalSection
	GlobalSection(ExtensibilityGlobals) = postSolution
		SolutionGuid = {9F07B25B-A569-49F2-AB75-3D13CC9DA528}
	EndGlobalSection
EndGlobal
