
Microsoft Visual Studio Solution File, Format Version 12.00
# Visual Studio Version 17
VisualStudioVersion = 17.14.36616.10 d17.14
MinimumVisualStudioVersion = 10.0.40219.1
Project("{FAE04EC0-301F-11D3-BF4B-00C04F79EFBC}") = "40-RicercaDicotomica", "40-RicercaDicotomica\40-RicercaDicotomica.csproj", "{6731E3CB-500B-4DF3-AAA1-5703C415E0F5}"
EndProject
Global
	GlobalSection(SolutionConfigurationPlatforms) = preSolution
		Debug|Any CPU = Debug|Any CPU
		Release|Any CPU = Release|Any CPU
	EndGlobalSection
	GlobalSection(ProjectConfigurationPlatforms) = postSolution
		{6731E3CB-500B-4DF3-AAA1-5703C415E0F5}.Debug|Any CPU.ActiveCfg = Debug|Any CPU
		{6731E3CB-500B-4DF3-AAA1-5703C415E0F5}.Debug|Any CPU.Build.0 = Debug|Any CPU
		{6731E3CB-500B-4DF3-AAA1-5703C415E0F5}.Release|Any CPU.ActiveCfg = Release|Any CPU
		{6731E3CB-500B-4DF3-AAA1-5703C415E0F5}.Release|Any CPU.Build.0 = Release|Any CPU
	EndGlobalSection
	GlobalSection(SolutionProperties) = preSolution
		HideSolutionNode = FALSE
	EndGlobalSection
	GlobalSection(ExtensibilityGlobals) = postSolution
		SolutionGuid = {68CF7CF6-5AC3-459C-B085-4A9F52FC650D}
	EndGlobalSection
EndGlobal
