
Microsoft Visual Studio Solution File, Format Version 12.00
# Visual Studio Version 17
VisualStudioVersion = 17.11.35303.130
MinimumVisualStudioVersion = 10.0.40219.1
Project("{FAE04EC0-301F-11D3-BF4B-00C04F79EFBC}") = "12-UsoUserControl", "12-UsoUserControl\12-UsoUserControl.csproj", "{C4A37D60-9990-4C9B-B504-D2E687210128}"
EndProject
Global
	GlobalSection(SolutionConfigurationPlatforms) = preSolution
		Debug|Any CPU = Debug|Any CPU
		Release|Any CPU = Release|Any CPU
	EndGlobalSection
	GlobalSection(ProjectConfigurationPlatforms) = postSolution
		{C4A37D60-9990-4C9B-B504-D2E687210128}.Debug|Any CPU.ActiveCfg = Debug|Any CPU
		{C4A37D60-9990-4C9B-B504-D2E687210128}.Debug|Any CPU.Build.0 = Debug|Any CPU
		{C4A37D60-9990-4C9B-B504-D2E687210128}.Release|Any CPU.ActiveCfg = Release|Any CPU
		{C4A37D60-9990-4C9B-B504-D2E687210128}.Release|Any CPU.Build.0 = Release|Any CPU
	EndGlobalSection
	GlobalSection(SolutionProperties) = preSolution
		HideSolutionNode = FALSE
	EndGlobalSection
	GlobalSection(ExtensibilityGlobals) = postSolution
		SolutionGuid = {1B2AE7D0-3444-43DB-84C4-AD0BBD39CACA}
	EndGlobalSection
EndGlobal
