
Microsoft Visual Studio Solution File, Format Version 12.00
# Visual Studio Version 17
VisualStudioVersion = 17.3.32901.215
MinimumVisualStudioVersion = 10.0.40219.1
Project("{FAE04EC0-301F-11D3-BF4B-00C04F79EFBC}") = "10-EsInterfacciaLibri", "10-EsInterfacciaLibri\10-EsInterfacciaLibri.csproj", "{78F4C5ED-CA73-411E-8755-C71CDD7A6564}"
EndProject
Global
	GlobalSection(SolutionConfigurationPlatforms) = preSolution
		Debug|Any CPU = Debug|Any CPU
		Release|Any CPU = Release|Any CPU
	EndGlobalSection
	GlobalSection(ProjectConfigurationPlatforms) = postSolution
		{78F4C5ED-CA73-411E-8755-C71CDD7A6564}.Debug|Any CPU.ActiveCfg = Debug|Any CPU
		{78F4C5ED-CA73-411E-8755-C71CDD7A6564}.Debug|Any CPU.Build.0 = Debug|Any CPU
		{78F4C5ED-CA73-411E-8755-C71CDD7A6564}.Release|Any CPU.ActiveCfg = Release|Any CPU
		{78F4C5ED-CA73-411E-8755-C71CDD7A6564}.Release|Any CPU.Build.0 = Release|Any CPU
	EndGlobalSection
	GlobalSection(SolutionProperties) = preSolution
		HideSolutionNode = FALSE
	EndGlobalSection
	GlobalSection(ExtensibilityGlobals) = postSolution
		SolutionGuid = {E379F9D7-90DD-4D81-8B8D-BAEABF7B04B7}
	EndGlobalSection
EndGlobal
