
Microsoft Visual Studio Solution File, Format Version 12.00
# Visual Studio Version 17
VisualStudioVersion = 17.14.36616.10 d17.14
MinimumVisualStudioVersion = 10.0.40219.1
Project("{FAE04EC0-301F-11D3-BF4B-00C04F79EFBC}") = "48-ProvaBubble", "48-ProvaBubble\48-ProvaBubble.csproj", "{CDEEE736-3107-4DA0-B975-34B94EE9ECF3}"
EndProject
Global
	GlobalSection(SolutionConfigurationPlatforms) = preSolution
		Debug|Any CPU = Debug|Any CPU
		Release|Any CPU = Release|Any CPU
	EndGlobalSection
	GlobalSection(ProjectConfigurationPlatforms) = postSolution
		{CDEEE736-3107-4DA0-B975-34B94EE9ECF3}.Debug|Any CPU.ActiveCfg = Debug|Any CPU
		{CDEEE736-3107-4DA0-B975-34B94EE9ECF3}.Debug|Any CPU.Build.0 = Debug|Any CPU
		{CDEEE736-3107-4DA0-B975-34B94EE9ECF3}.Release|Any CPU.ActiveCfg = Release|Any CPU
		{CDEEE736-3107-4DA0-B975-34B94EE9ECF3}.Release|Any CPU.Build.0 = Release|Any CPU
	EndGlobalSection
	GlobalSection(SolutionProperties) = preSolution
		HideSolutionNode = FALSE
	EndGlobalSection
	GlobalSection(ExtensibilityGlobals) = postSolution
		SolutionGuid = {7FD91019-AB5C-4116-9D58-965CCAABC2CE}
	EndGlobalSection
EndGlobal
