
Microsoft Visual Studio Solution File, Format Version 12.00
# Visual Studio Version 16
VisualStudioVersion = 16.0.31005.135
MinimumVisualStudioVersion = 10.0.40219.1
Project("{FAE04EC0-301F-11D3-BF4B-00C04F79EFBC}") = "16-PrimoEsempioDelegate", "16-PrimoEsempioDelegate\16-PrimoEsempioDelegate.csproj", "{8B15EE05-1D61-4951-9525-0F2E3EA155D0}"
EndProject
Global
	GlobalSection(SolutionConfigurationPlatforms) = preSolution
		Debug|Any CPU = Debug|Any CPU
		Release|Any CPU = Release|Any CPU
	EndGlobalSection
	GlobalSection(ProjectConfigurationPlatforms) = postSolution
		{8B15EE05-1D61-4951-9525-0F2E3EA155D0}.Debug|Any CPU.ActiveCfg = Debug|Any CPU
		{8B15EE05-1D61-4951-9525-0F2E3EA155D0}.Debug|Any CPU.Build.0 = Debug|Any CPU
		{8B15EE05-1D61-4951-9525-0F2E3EA155D0}.Release|Any CPU.ActiveCfg = Release|Any CPU
		{8B15EE05-1D61-4951-9525-0F2E3EA155D0}.Release|Any CPU.Build.0 = Release|Any CPU
	EndGlobalSection
	GlobalSection(SolutionProperties) = preSolution
		HideSolutionNode = FALSE
	EndGlobalSection
	GlobalSection(ExtensibilityGlobals) = postSolution
		SolutionGuid = {4F09BE24-285F-4452-8011-25BC3B57C15D}
	EndGlobalSection
EndGlobal
