
Microsoft Visual Studio Solution File, Format Version 12.00
# Visual Studio Version 17
VisualStudioVersion = 17.14.36616.10 d17.14
MinimumVisualStudioVersion = 10.0.40219.1
Project("{FAE04EC0-301F-11D3-BF4B-00C04F79EFBC}") = "38-RicercaSequanziale3", "38-RicercaSequanziale3\38-RicercaSequanziale3.csproj", "{8B055177-26AF-4F20-87C8-03294BCDCD0B}"
EndProject
Global
	GlobalSection(SolutionConfigurationPlatforms) = preSolution
		Debug|Any CPU = Debug|Any CPU
		Release|Any CPU = Release|Any CPU
	EndGlobalSection
	GlobalSection(ProjectConfigurationPlatforms) = postSolution
		{8B055177-26AF-4F20-87C8-03294BCDCD0B}.Debug|Any CPU.ActiveCfg = Debug|Any CPU
		{8B055177-26AF-4F20-87C8-03294BCDCD0B}.Debug|Any CPU.Build.0 = Debug|Any CPU
		{8B055177-26AF-4F20-87C8-03294BCDCD0B}.Release|Any CPU.ActiveCfg = Release|Any CPU
		{8B055177-26AF-4F20-87C8-03294BCDCD0B}.Release|Any CPU.Build.0 = Release|Any CPU
	EndGlobalSection
	GlobalSection(SolutionProperties) = preSolution
		HideSolutionNode = FALSE
	EndGlobalSection
	GlobalSection(ExtensibilityGlobals) = postSolution
		SolutionGuid = {AD9470F9-0008-4BFB-8B09-580C01987086}
	EndGlobalSection
EndGlobal
