
Microsoft Visual Studio Solution File, Format Version 12.00
# Visual Studio Version 16
VisualStudioVersion = 16.0.29411.108
MinimumVisualStudioVersion = 10.0.40219.1
Project("{FAE04EC0-301F-11D3-BF4B-00C04F79EFBC}") = "EsSQL07-View", "EsSQL07-View\EsSQL07-View.csproj", "{91477CD1-541A-4280-A064-943EF0848EF7}"
EndProject
Global
	GlobalSection(SolutionConfigurationPlatforms) = preSolution
		Debug|Any CPU = Debug|Any CPU
		Release|Any CPU = Release|Any CPU
	EndGlobalSection
	GlobalSection(ProjectConfigurationPlatforms) = postSolution
		{91477CD1-541A-4280-A064-943EF0848EF7}.Debug|Any CPU.ActiveCfg = Debug|Any CPU
		{91477CD1-541A-4280-A064-943EF0848EF7}.Debug|Any CPU.Build.0 = Debug|Any CPU
		{91477CD1-541A-4280-A064-943EF0848EF7}.Release|Any CPU.ActiveCfg = Release|Any CPU
		{91477CD1-541A-4280-A064-943EF0848EF7}.Release|Any CPU.Build.0 = Release|Any CPU
	EndGlobalSection
	GlobalSection(SolutionProperties) = preSolution
		HideSolutionNode = FALSE
	EndGlobalSection
	GlobalSection(ExtensibilityGlobals) = postSolution
		SolutionGuid = {AE9F2796-01C7-4EB2-BC98-8CB1FFEFBBB0}
	EndGlobalSection
EndGlobal
