
Microsoft Visual Studio Solution File, Format Version 12.00
# Visual Studio Version 17
VisualStudioVersion = 17.11.35303.130
MinimumVisualStudioVersion = 10.0.40219.1
Project("{FAE04EC0-301F-11D3-BF4B-00C04F79EFBC}") = "12-UserControl", "12-UserControl\12-UserControl.csproj", "{EA1E9AC7-CD22-4538-98F0-B56AA869AB8F}"
EndProject
Global
	GlobalSection(SolutionConfigurationPlatforms) = preSolution
		Debug|Any CPU = Debug|Any CPU
		Release|Any CPU = Release|Any CPU
	EndGlobalSection
	GlobalSection(ProjectConfigurationPlatforms) = postSolution
		{EA1E9AC7-CD22-4538-98F0-B56AA869AB8F}.Debug|Any CPU.ActiveCfg = Debug|Any CPU
		{EA1E9AC7-CD22-4538-98F0-B56AA869AB8F}.Debug|Any CPU.Build.0 = Debug|Any CPU
		{EA1E9AC7-CD22-4538-98F0-B56AA869AB8F}.Release|Any CPU.ActiveCfg = Release|Any CPU
		{EA1E9AC7-CD22-4538-98F0-B56AA869AB8F}.Release|Any CPU.Build.0 = Release|Any CPU
	EndGlobalSection
	GlobalSection(SolutionProperties) = preSolution
		HideSolutionNode = FALSE
	EndGlobalSection
	GlobalSection(ExtensibilityGlobals) = postSolution
		SolutionGuid = {762866F0-12A9-4B0E-9CED-042A4F2742A3}
	EndGlobalSection
EndGlobal
