
Microsoft Visual Studio Solution File, Format Version 12.00
# Visual Studio Version 17
VisualStudioVersion = 17.0.31903.59
MinimumVisualStudioVersion = 10.0.40219.1
Project("{FAE04EC0-301F-11D3-BF4B-00C04F79EFBC}") = "MyCourses.Mvc", "MyCourses.Mvc\MyCourses.Mvc.csproj", "{7E9674BF-99E7-4A78-A3E7-6BA68B3ED5A1}"
EndProject
Project("{FAE04EC0-301F-11D3-BF4B-00C04F79EFBC}") = "MyCourses.Models", "MyCourses.Models\MyCourses.Models.csproj", "{18028A7D-68E2-4ECF-95F5-B93394D5E116}"
EndProject
Global
	GlobalSection(SolutionConfigurationPlatforms) = preSolution
		Debug|Any CPU = Debug|Any CPU
		Release|Any CPU = Release|Any CPU
	EndGlobalSection
	GlobalSection(SolutionProperties) = preSolution
		HideSolutionNode = FALSE
	EndGlobalSection
	GlobalSection(ProjectConfigurationPlatforms) = postSolution
		{7E9674BF-99E7-4A78-A3E7-6BA68B3ED5A1}.Debug|Any CPU.ActiveCfg = Debug|Any CPU
		{7E9674BF-99E7-4A78-A3E7-6BA68B3ED5A1}.Debug|Any CPU.Build.0 = Debug|Any CPU
		{7E9674BF-99E7-4A78-A3E7-6BA68B3ED5A1}.Release|Any CPU.ActiveCfg = Release|Any CPU
		{7E9674BF-99E7-4A78-A3E7-6BA68B3ED5A1}.Release|Any CPU.Build.0 = Release|Any CPU
		{18028A7D-68E2-4ECF-95F5-B93394D5E116}.Debug|Any CPU.ActiveCfg = Debug|Any CPU
		{18028A7D-68E2-4ECF-95F5-B93394D5E116}.Debug|Any CPU.Build.0 = Debug|Any CPU
		{18028A7D-68E2-4ECF-95F5-B93394D5E116}.Release|Any CPU.ActiveCfg = Release|Any CPU
		{18028A7D-68E2-4ECF-95F5-B93394D5E116}.Release|Any CPU.Build.0 = Release|Any CPU
	EndGlobalSection
EndGlobal
