
Microsoft Visual Studio Solution File, Format Version 12.00
# Visual Studio Version 17
VisualStudioVersion = 17.14.36616.10 d17.14
MinimumVisualStudioVersion = 10.0.40219.1
Project("{FAE04EC0-301F-11D3-BF4B-00C04F79EFBC}") = "58-Es19pag116", "58-Es19pag116\58-Es19pag116.csproj", "{06A46E13-5D64-41DE-A8AC-E58CBD54B879}"
EndProject
Global
	GlobalSection(SolutionConfigurationPlatforms) = preSolution
		Debug|Any CPU = Debug|Any CPU
		Release|Any CPU = Release|Any CPU
	EndGlobalSection
	GlobalSection(ProjectConfigurationPlatforms) = postSolution
		{06A46E13-5D64-41DE-A8AC-E58CBD54B879}.Debug|Any CPU.ActiveCfg = Debug|Any CPU
		{06A46E13-5D64-41DE-A8AC-E58CBD54B879}.Debug|Any CPU.Build.0 = Debug|Any CPU
		{06A46E13-5D64-41DE-A8AC-E58CBD54B879}.Release|Any CPU.ActiveCfg = Release|Any CPU
		{06A46E13-5D64-41DE-A8AC-E58CBD54B879}.Release|Any CPU.Build.0 = Release|Any CPU
	EndGlobalSection
	GlobalSection(SolutionProperties) = preSolution
		HideSolutionNode = FALSE
	EndGlobalSection
	GlobalSection(ExtensibilityGlobals) = postSolution
		SolutionGuid = {0F53DED8-71C5-4B02-82DC-58EE0DFDECC3}
	EndGlobalSection
EndGlobal
