
Microsoft Visual Studio Solution File, Format Version 12.00
# Visual Studio Version 17
VisualStudioVersion = 17.11.35303.130
MinimumVisualStudioVersion = 10.0.40219.1
Project("{FAE04EC0-301F-11D3-BF4B-00C04F79EFBC}") = "11-Es41p84", "11-Es41p84\11-Es41p84.csproj", "{DF27A25F-EB7E-488D-8A4F-1DD7CE68FC6E}"
EndProject
Global
	GlobalSection(SolutionConfigurationPlatforms) = preSolution
		Debug|Any CPU = Debug|Any CPU
		Release|Any CPU = Release|Any CPU
	EndGlobalSection
	GlobalSection(ProjectConfigurationPlatforms) = postSolution
		{DF27A25F-EB7E-488D-8A4F-1DD7CE68FC6E}.Debug|Any CPU.ActiveCfg = Debug|Any CPU
		{DF27A25F-EB7E-488D-8A4F-1DD7CE68FC6E}.Debug|Any CPU.Build.0 = Debug|Any CPU
		{DF27A25F-EB7E-488D-8A4F-1DD7CE68FC6E}.Release|Any CPU.ActiveCfg = Release|Any CPU
		{DF27A25F-EB7E-488D-8A4F-1DD7CE68FC6E}.Release|Any CPU.Build.0 = Release|Any CPU
	EndGlobalSection
	GlobalSection(SolutionProperties) = preSolution
		HideSolutionNode = FALSE
	EndGlobalSection
	GlobalSection(ExtensibilityGlobals) = postSolution
		SolutionGuid = {133A67D9-97D5-4ADF-958B-8ED5F3E59376}
	EndGlobalSection
EndGlobal
