
Microsoft Visual Studio Solution File, Format Version 12.00
# Visual Studio Version 16
VisualStudioVersion = 16.0.31019.35
MinimumVisualStudioVersion = 10.0.40219.1
Project("{FAE04EC0-301F-11D3-BF4B-00C04F79EFBC}") = "50-Uguaglianza", "50-Uguaglianza\50-Uguaglianza.csproj", "{C980212D-5945-4E0F-97CE-7ED7E201588A}"
EndProject
Global
	GlobalSection(SolutionConfigurationPlatforms) = preSolution
		Debug|Any CPU = Debug|Any CPU
		Release|Any CPU = Release|Any CPU
	EndGlobalSection
	GlobalSection(ProjectConfigurationPlatforms) = postSolution
		{C980212D-5945-4E0F-97CE-7ED7E201588A}.Debug|Any CPU.ActiveCfg = Debug|Any CPU
		{C980212D-5945-4E0F-97CE-7ED7E201588A}.Debug|Any CPU.Build.0 = Debug|Any CPU
		{C980212D-5945-4E0F-97CE-7ED7E201588A}.Release|Any CPU.ActiveCfg = Release|Any CPU
		{C980212D-5945-4E0F-97CE-7ED7E201588A}.Release|Any CPU.Build.0 = Release|Any CPU
	EndGlobalSection
	GlobalSection(SolutionProperties) = preSolution
		HideSolutionNode = FALSE
	EndGlobalSection
	GlobalSection(ExtensibilityGlobals) = postSolution
		SolutionGuid = {00468386-40A3-4886-B302-47DE54B4B638}
	EndGlobalSection
EndGlobal
