
Microsoft Visual Studio Solution File, Format Version 12.00
# Visual Studio Version 17
VisualStudioVersion = 17.3.32901.215
MinimumVisualStudioVersion = 10.0.40219.1
Project("{FAE04EC0-301F-11D3-BF4B-00C04F79EFBC}") = "12-PrimoEsDelegate", "12-PrimoEsDelegate\12-PrimoEsDelegate.csproj", "{6BBD8DD5-47EC-4DF2-8EE9-53899B8B54DC}"
EndProject
Global
	GlobalSection(SolutionConfigurationPlatforms) = preSolution
		Debug|Any CPU = Debug|Any CPU
		Release|Any CPU = Release|Any CPU
	EndGlobalSection
	GlobalSection(ProjectConfigurationPlatforms) = postSolution
		{6BBD8DD5-47EC-4DF2-8EE9-53899B8B54DC}.Debug|Any CPU.ActiveCfg = Debug|Any CPU
		{6BBD8DD5-47EC-4DF2-8EE9-53899B8B54DC}.Debug|Any CPU.Build.0 = Debug|Any CPU
		{6BBD8DD5-47EC-4DF2-8EE9-53899B8B54DC}.Release|Any CPU.ActiveCfg = Release|Any CPU
		{6BBD8DD5-47EC-4DF2-8EE9-53899B8B54DC}.Release|Any CPU.Build.0 = Release|Any CPU
	EndGlobalSection
	GlobalSection(SolutionProperties) = preSolution
		HideSolutionNode = FALSE
	EndGlobalSection
	GlobalSection(ExtensibilityGlobals) = postSolution
		SolutionGuid = {0D2E592C-A42B-4FE7-93CA-0435522C2B53}
	EndGlobalSection
EndGlobal
