
Microsoft Visual Studio Solution File, Format Version 12.00
# Visual Studio Version 16
VisualStudioVersion = 16.0.29503.13
MinimumVisualStudioVersion = 10.0.40219.1
Project("{FAE04EC0-301F-11D3-BF4B-00C04F79EFBC}") = "05-ClesseSingleton", "05-ClesseSingleton\05-ClesseSingleton.csproj", "{8B096303-F96E-4BD0-BE67-F4E4133273B5}"
EndProject
Global
	GlobalSection(SolutionConfigurationPlatforms) = preSolution
		Debug|Any CPU = Debug|Any CPU
		Release|Any CPU = Release|Any CPU
	EndGlobalSection
	GlobalSection(ProjectConfigurationPlatforms) = postSolution
		{8B096303-F96E-4BD0-BE67-F4E4133273B5}.Debug|Any CPU.ActiveCfg = Debug|Any CPU
		{8B096303-F96E-4BD0-BE67-F4E4133273B5}.Debug|Any CPU.Build.0 = Debug|Any CPU
		{8B096303-F96E-4BD0-BE67-F4E4133273B5}.Release|Any CPU.ActiveCfg = Release|Any CPU
		{8B096303-F96E-4BD0-BE67-F4E4133273B5}.Release|Any CPU.Build.0 = Release|Any CPU
	EndGlobalSection
	GlobalSection(SolutionProperties) = preSolution
		HideSolutionNode = FALSE
	EndGlobalSection
	GlobalSection(ExtensibilityGlobals) = postSolution
		SolutionGuid = {07A8F962-0366-4435-B719-81414F02135D}
	EndGlobalSection
EndGlobal
