
Microsoft Visual Studio Solution File, Format Version 12.00
# Visual Studio Version 17
VisualStudioVersion = 17.14.36616.10 d17.14
MinimumVisualStudioVersion = 10.0.40219.1
Project("{FAE04EC0-301F-11D3-BF4B-00C04F79EFBC}") = "45-Correzione_verifica03", "45-Correzione_verifica03\45-Correzione_verifica03.csproj", "{B4444C54-059E-4A90-BC62-0FA46BFA916A}"
EndProject
Global
	GlobalSection(SolutionConfigurationPlatforms) = preSolution
		Debug|Any CPU = Debug|Any CPU
		Release|Any CPU = Release|Any CPU
	EndGlobalSection
	GlobalSection(ProjectConfigurationPlatforms) = postSolution
		{B4444C54-059E-4A90-BC62-0FA46BFA916A}.Debug|Any CPU.ActiveCfg = Debug|Any CPU
		{B4444C54-059E-4A90-BC62-0FA46BFA916A}.Debug|Any CPU.Build.0 = Debug|Any CPU
		{B4444C54-059E-4A90-BC62-0FA46BFA916A}.Release|Any CPU.ActiveCfg = Release|Any CPU
		{B4444C54-059E-4A90-BC62-0FA46BFA916A}.Release|Any CPU.Build.0 = Release|Any CPU
	EndGlobalSection
	GlobalSection(SolutionProperties) = preSolution
		HideSolutionNode = FALSE
	EndGlobalSection
	GlobalSection(ExtensibilityGlobals) = postSolution
		SolutionGuid = {A24ACDB6-6A88-48EC-8D82-01AE6330BD90}
	EndGlobalSection
EndGlobal
