
Microsoft Visual Studio Solution File, Format Version 12.00
# Visual Studio Version 17
VisualStudioVersion = 17.3.32901.215
MinimumVisualStudioVersion = 10.0.40219.1
Project("{FAE04EC0-301F-11D3-BF4B-00C04F79EFBC}") = "17-UsoUserControl", "17-UsoUserControl\17-UsoUserControl.csproj", "{38EC813B-78DE-4B50-A992-8BAC795CF12F}"
EndProject
Global
	GlobalSection(SolutionConfigurationPlatforms) = preSolution
		Debug|Any CPU = Debug|Any CPU
		Release|Any CPU = Release|Any CPU
	EndGlobalSection
	GlobalSection(ProjectConfigurationPlatforms) = postSolution
		{38EC813B-78DE-4B50-A992-8BAC795CF12F}.Debug|Any CPU.ActiveCfg = Debug|Any CPU
		{38EC813B-78DE-4B50-A992-8BAC795CF12F}.Debug|Any CPU.Build.0 = Debug|Any CPU
		{38EC813B-78DE-4B50-A992-8BAC795CF12F}.Release|Any CPU.ActiveCfg = Release|Any CPU
		{38EC813B-78DE-4B50-A992-8BAC795CF12F}.Release|Any CPU.Build.0 = Release|Any CPU
	EndGlobalSection
	GlobalSection(SolutionProperties) = preSolution
		HideSolutionNode = FALSE
	EndGlobalSection
	GlobalSection(ExtensibilityGlobals) = postSolution
		SolutionGuid = {D4563ADD-AF1D-4978-84ED-82B24A695261}
	EndGlobalSection
EndGlobal
