
Microsoft Visual Studio Solution File, Format Version 12.00
# Visual Studio Version 17
VisualStudioVersion = 17.3.32901.215
MinimumVisualStudioVersion = 10.0.40219.1
Project("{FAE04EC0-301F-11D3-BF4B-00C04F79EFBC}") = "16-UsoControlloPersonalizzato", "16-UsoControlloPersonalizzato\16-UsoControlloPersonalizzato.csproj", "{AFF521B9-B313-4DC7-B08B-18E304DE6D48}"
EndProject
Global
	GlobalSection(SolutionConfigurationPlatforms) = preSolution
		Debug|Any CPU = Debug|Any CPU
		Release|Any CPU = Release|Any CPU
	EndGlobalSection
	GlobalSection(ProjectConfigurationPlatforms) = postSolution
		{AFF521B9-B313-4DC7-B08B-18E304DE6D48}.Debug|Any CPU.ActiveCfg = Debug|Any CPU
		{AFF521B9-B313-4DC7-B08B-18E304DE6D48}.Debug|Any CPU.Build.0 = Debug|Any CPU
		{AFF521B9-B313-4DC7-B08B-18E304DE6D48}.Release|Any CPU.ActiveCfg = Release|Any CPU
		{AFF521B9-B313-4DC7-B08B-18E304DE6D48}.Release|Any CPU.Build.0 = Release|Any CPU
	EndGlobalSection
	GlobalSection(SolutionProperties) = preSolution
		HideSolutionNode = FALSE
	EndGlobalSection
	GlobalSection(ExtensibilityGlobals) = postSolution
		SolutionGuid = {D587E162-FAE4-4053-8BEB-6D8967D54108}
	EndGlobalSection
EndGlobal
