
Microsoft Visual Studio Solution File, Format Version 12.00
# Visual Studio Version 16
VisualStudioVersion = 16.0.29411.108
MinimumVisualStudioVersion = 10.0.40219.1
Project("{FAE04EC0-301F-11D3-BF4B-00C04F79EFBC}") = "RegEx01", "RegEx01\RegEx01.csproj", "{F8912DA3-CD0E-40BB-9926-A832E2D71116}"
EndProject
Global
	GlobalSection(SolutionConfigurationPlatforms) = preSolution
		Debug|Any CPU = Debug|Any CPU
		Release|Any CPU = Release|Any CPU
	EndGlobalSection
	GlobalSection(ProjectConfigurationPlatforms) = postSolution
		{F8912DA3-CD0E-40BB-9926-A832E2D71116}.Debug|Any CPU.ActiveCfg = Debug|Any CPU
		{F8912DA3-CD0E-40BB-9926-A832E2D71116}.Debug|Any CPU.Build.0 = Debug|Any CPU
		{F8912DA3-CD0E-40BB-9926-A832E2D71116}.Release|Any CPU.ActiveCfg = Release|Any CPU
		{F8912DA3-CD0E-40BB-9926-A832E2D71116}.Release|Any CPU.Build.0 = Release|Any CPU
	EndGlobalSection
	GlobalSection(SolutionProperties) = preSolution
		HideSolutionNode = FALSE
	EndGlobalSection
	GlobalSection(ExtensibilityGlobals) = postSolution
		SolutionGuid = {284C80CB-45FC-4FFA-9F2E-2F0CBC92ABCA}
	EndGlobalSection
EndGlobal
