
Microsoft Visual Studio Solution File, Format Version 12.00
# Visual Studio Version 17
VisualStudioVersion = 17.14.36616.10 d17.14
MinimumVisualStudioVersion = 10.0.40219.1
Project("{FAE04EC0-301F-11D3-BF4B-00C04F79EFBC}") = "06-Interfacce04-Plugin", "06-Interfacce04-Plugin\06-Interfacce04-Plugin.csproj", "{98DAB526-72AC-4800-BAFD-12179BFE9193}"
EndProject
Global
	GlobalSection(SolutionConfigurationPlatforms) = preSolution
		Debug|Any CPU = Debug|Any CPU
		Release|Any CPU = Release|Any CPU
	EndGlobalSection
	GlobalSection(ProjectConfigurationPlatforms) = postSolution
		{98DAB526-72AC-4800-BAFD-12179BFE9193}.Debug|Any CPU.ActiveCfg = Debug|Any CPU
		{98DAB526-72AC-4800-BAFD-12179BFE9193}.Debug|Any CPU.Build.0 = Debug|Any CPU
		{98DAB526-72AC-4800-BAFD-12179BFE9193}.Release|Any CPU.ActiveCfg = Release|Any CPU
		{98DAB526-72AC-4800-BAFD-12179BFE9193}.Release|Any CPU.Build.0 = Release|Any CPU
	EndGlobalSection
	GlobalSection(SolutionProperties) = preSolution
		HideSolutionNode = FALSE
	EndGlobalSection
	GlobalSection(ExtensibilityGlobals) = postSolution
		SolutionGuid = {B6371DFB-D120-45BC-BB02-8DCE0FD6C63F}
	EndGlobalSection
EndGlobal
