
Microsoft Visual Studio Solution File, Format Version 12.00
# Visual Studio Version 17
VisualStudioVersion = 17.11.35303.130
MinimumVisualStudioVersion = 10.0.40219.1
Project("{FAE04EC0-301F-11D3-BF4B-00C04F79EFBC}") = "40-AltoBasso", "40-AltoBasso\40-AltoBasso.csproj", "{CBE9B448-3377-497A-93F3-D1E508177FD5}"
EndProject
Global
	GlobalSection(SolutionConfigurationPlatforms) = preSolution
		Debug|Any CPU = Debug|Any CPU
		Release|Any CPU = Release|Any CPU
	EndGlobalSection
	GlobalSection(ProjectConfigurationPlatforms) = postSolution
		{CBE9B448-3377-497A-93F3-D1E508177FD5}.Debug|Any CPU.ActiveCfg = Debug|Any CPU
		{CBE9B448-3377-497A-93F3-D1E508177FD5}.Debug|Any CPU.Build.0 = Debug|Any CPU
		{CBE9B448-3377-497A-93F3-D1E508177FD5}.Release|Any CPU.ActiveCfg = Release|Any CPU
		{CBE9B448-3377-497A-93F3-D1E508177FD5}.Release|Any CPU.Build.0 = Release|Any CPU
	EndGlobalSection
	GlobalSection(SolutionProperties) = preSolution
		HideSolutionNode = FALSE
	EndGlobalSection
	GlobalSection(ExtensibilityGlobals) = postSolution
		SolutionGuid = {1C190C0B-449D-4B3F-A1D0-8BD604F691E3}
	EndGlobalSection
EndGlobal
