
Microsoft Visual Studio Solution File, Format Version 12.00
# Visual Studio Version 17
VisualStudioVersion = 17.14.36616.10 d17.14
MinimumVisualStudioVersion = 10.0.40219.1
Project("{FAE04EC0-301F-11D3-BF4B-00C04F79EFBC}") = "63-EsPag159", "63-EsPag159\63-EsPag159.csproj", "{E0F704A5-5DF7-4A09-99D1-56FA8725659C}"
EndProject
Global
	GlobalSection(SolutionConfigurationPlatforms) = preSolution
		Debug|Any CPU = Debug|Any CPU
		Release|Any CPU = Release|Any CPU
	EndGlobalSection
	GlobalSection(ProjectConfigurationPlatforms) = postSolution
		{E0F704A5-5DF7-4A09-99D1-56FA8725659C}.Debug|Any CPU.ActiveCfg = Debug|Any CPU
		{E0F704A5-5DF7-4A09-99D1-56FA8725659C}.Debug|Any CPU.Build.0 = Debug|Any CPU
		{E0F704A5-5DF7-4A09-99D1-56FA8725659C}.Release|Any CPU.ActiveCfg = Release|Any CPU
		{E0F704A5-5DF7-4A09-99D1-56FA8725659C}.Release|Any CPU.Build.0 = Release|Any CPU
	EndGlobalSection
	GlobalSection(SolutionProperties) = preSolution
		HideSolutionNode = FALSE
	EndGlobalSection
	GlobalSection(ExtensibilityGlobals) = postSolution
		SolutionGuid = {2B5AA6DF-27C2-4327-92D6-79040FE9A874}
	EndGlobalSection
EndGlobal
