
Microsoft Visual Studio Solution File, Format Version 12.00
# Visual Studio Version 17
VisualStudioVersion = 17.11.35303.130
MinimumVisualStudioVersion = 10.0.40219.1
Project("{FAE04EC0-301F-11D3-BF4B-00C04F79EFBC}") = "01ObjectTest", "01ObjectTest\01ObjectTest.csproj", "{66B8E382-6CFB-468F-B271-4CD4413ABBA4}"
EndProject
Global
	GlobalSection(SolutionConfigurationPlatforms) = preSolution
		Debug|Any CPU = Debug|Any CPU
		Release|Any CPU = Release|Any CPU
	EndGlobalSection
	GlobalSection(ProjectConfigurationPlatforms) = postSolution
		{66B8E382-6CFB-468F-B271-4CD4413ABBA4}.Debug|Any CPU.ActiveCfg = Debug|Any CPU
		{66B8E382-6CFB-468F-B271-4CD4413ABBA4}.Debug|Any CPU.Build.0 = Debug|Any CPU
		{66B8E382-6CFB-468F-B271-4CD4413ABBA4}.Release|Any CPU.ActiveCfg = Release|Any CPU
		{66B8E382-6CFB-468F-B271-4CD4413ABBA4}.Release|Any CPU.Build.0 = Release|Any CPU
	EndGlobalSection
	GlobalSection(SolutionProperties) = preSolution
		HideSolutionNode = FALSE
	EndGlobalSection
	GlobalSection(ExtensibilityGlobals) = postSolution
		SolutionGuid = {51512570-7CC7-4088-BA23-8B22E3CE9E4C}
	EndGlobalSection
EndGlobal
