
Microsoft Visual Studio Solution File, Format Version 12.00
# Visual Studio Version 17
VisualStudioVersion = 17.3.32901.215
MinimumVisualStudioVersion = 10.0.40219.1
Project("{FAE04EC0-301F-11D3-BF4B-00C04F79EFBC}") = "14-PrimoEsEventi", "14-PrimoEsEventi\14-PrimoEsEventi.csproj", "{D38CC455-AFC3-4A41-BFA6-2CB6E2792598}"
EndProject
Global
	GlobalSection(SolutionConfigurationPlatforms) = preSolution
		Debug|Any CPU = Debug|Any CPU
		Release|Any CPU = Release|Any CPU
	EndGlobalSection
	GlobalSection(ProjectConfigurationPlatforms) = postSolution
		{D38CC455-AFC3-4A41-BFA6-2CB6E2792598}.Debug|Any CPU.ActiveCfg = Debug|Any CPU
		{D38CC455-AFC3-4A41-BFA6-2CB6E2792598}.Debug|Any CPU.Build.0 = Debug|Any CPU
		{D38CC455-AFC3-4A41-BFA6-2CB6E2792598}.Release|Any CPU.ActiveCfg = Release|Any CPU
		{D38CC455-AFC3-4A41-BFA6-2CB6E2792598}.Release|Any CPU.Build.0 = Release|Any CPU
	EndGlobalSection
	GlobalSection(SolutionProperties) = preSolution
		HideSolutionNode = FALSE
	EndGlobalSection
	GlobalSection(ExtensibilityGlobals) = postSolution
		SolutionGuid = {27CBEC7E-079E-4D61-A704-1C3103FD2BFC}
	EndGlobalSection
EndGlobal
