
Microsoft Visual Studio Solution File, Format Version 12.00
# Visual Studio Version 17
VisualStudioVersion = 17.3.32901.215
MinimumVisualStudioVersion = 10.0.40219.1
Project("{FAE04EC0-301F-11D3-BF4B-00C04F79EFBC}") = "17-LoginForm", "17-LoginForm\17-LoginForm.csproj", "{41A1322C-72DD-4C6A-BD2F-F9D33EA03274}"
EndProject
Project("{FAE04EC0-301F-11D3-BF4B-00C04F79EFBC}") = "ControlloPersonalizzatoDll", "ControlloPersonalizzatoDll\ControlloPersonalizzatoDll.csproj", "{9B4623C8-FA8F-45B7-B50B-947BA1E72D65}"
EndProject
Global
	GlobalSection(SolutionConfigurationPlatforms) = preSolution
		Debug|Any CPU = Debug|Any CPU
		Release|Any CPU = Release|Any CPU
	EndGlobalSection
	GlobalSection(ProjectConfigurationPlatforms) = postSolution
		{41A1322C-72DD-4C6A-BD2F-F9D33EA03274}.Debug|Any CPU.ActiveCfg = Debug|Any CPU
		{41A1322C-72DD-4C6A-BD2F-F9D33EA03274}.Debug|Any CPU.Build.0 = Debug|Any CPU
		{41A1322C-72DD-4C6A-BD2F-F9D33EA03274}.Release|Any CPU.ActiveCfg = Release|Any CPU
		{41A1322C-72DD-4C6A-BD2F-F9D33EA03274}.Release|Any CPU.Build.0 = Release|Any CPU
		{9B4623C8-FA8F-45B7-B50B-947BA1E72D65}.Debug|Any CPU.ActiveCfg = Debug|Any CPU
		{9B4623C8-FA8F-45B7-B50B-947BA1E72D65}.Debug|Any CPU.Build.0 = Debug|Any CPU
		{9B4623C8-FA8F-45B7-B50B-947BA1E72D65}.Release|Any CPU.ActiveCfg = Release|Any CPU
		{9B4623C8-FA8F-45B7-B50B-947BA1E72D65}.Release|Any CPU.Build.0 = Release|Any CPU
	EndGlobalSection
	GlobalSection(SolutionProperties) = preSolution
		HideSolutionNode = FALSE
	EndGlobalSection
	GlobalSection(ExtensibilityGlobals) = postSolution
		SolutionGuid = {E288B5E6-92A8-443D-8186-C6FC73B44080}
	EndGlobalSection
EndGlobal
