
Microsoft Visual Studio Solution File, Format Version 12.00
# Visual Studio Version 17
VisualStudioVersion = 17.14.36616.10 d17.14
MinimumVisualStudioVersion = 10.0.40219.1
Project("{FAE04EC0-301F-11D3-BF4B-00C04F79EFBC}") = "67-Es18Pag174", "67-Es18Pag174\67-Es18Pag174.csproj", "{DAA4164C-6D18-4C9B-8F66-B2DBF48DE8D8}"
EndProject
Global
	GlobalSection(SolutionConfigurationPlatforms) = preSolution
		Debug|Any CPU = Debug|Any CPU
		Release|Any CPU = Release|Any CPU
	EndGlobalSection
	GlobalSection(ProjectConfigurationPlatforms) = postSolution
		{DAA4164C-6D18-4C9B-8F66-B2DBF48DE8D8}.Debug|Any CPU.ActiveCfg = Debug|Any CPU
		{DAA4164C-6D18-4C9B-8F66-B2DBF48DE8D8}.Debug|Any CPU.Build.0 = Debug|Any CPU
		{DAA4164C-6D18-4C9B-8F66-B2DBF48DE8D8}.Release|Any CPU.ActiveCfg = Release|Any CPU
		{DAA4164C-6D18-4C9B-8F66-B2DBF48DE8D8}.Release|Any CPU.Build.0 = Release|Any CPU
	EndGlobalSection
	GlobalSection(SolutionProperties) = preSolution
		HideSolutionNode = FALSE
	EndGlobalSection
	GlobalSection(ExtensibilityGlobals) = postSolution
		SolutionGuid = {63D06CE2-8051-4DD8-92EA-2ED10BC9714C}
	EndGlobalSection
EndGlobal
