
Microsoft Visual Studio Solution File, Format Version 12.00
# Visual Studio Version 17
VisualStudioVersion = 17.3.32901.215
MinimumVisualStudioVersion = 10.0.40219.1
Project("{FAE04EC0-301F-11D3-BF4B-00C04F79EFBC}") = "Bernardi - Verifica OOP + REGEX", "Bernardi - Verifica OOP + REGEX\Bernardi - Verifica OOP + REGEX.csproj", "{136C266C-728D-46C9-9EDB-6B3B52DD53CC}"
EndProject
Global
	GlobalSection(SolutionConfigurationPlatforms) = preSolution
		Debug|Any CPU = Debug|Any CPU
		Release|Any CPU = Release|Any CPU
	EndGlobalSection
	GlobalSection(ProjectConfigurationPlatforms) = postSolution
		{136C266C-728D-46C9-9EDB-6B3B52DD53CC}.Debug|Any CPU.ActiveCfg = Debug|Any CPU
		{136C266C-728D-46C9-9EDB-6B3B52DD53CC}.Debug|Any CPU.Build.0 = Debug|Any CPU
		{136C266C-728D-46C9-9EDB-6B3B52DD53CC}.Release|Any CPU.ActiveCfg = Release|Any CPU
		{136C266C-728D-46C9-9EDB-6B3B52DD53CC}.Release|Any CPU.Build.0 = Release|Any CPU
	EndGlobalSection
	GlobalSection(SolutionProperties) = preSolution
		HideSolutionNode = FALSE
	EndGlobalSection
	GlobalSection(ExtensibilityGlobals) = postSolution
		SolutionGuid = {BC316E03-2CFD-4F6B-8D36-D071538AEBEB}
	EndGlobalSection
EndGlobal
