
Microsoft Visual Studio Solution File, Format Version 12.00
# Visual Studio Version 16
VisualStudioVersion = 16.0.29411.108
MinimumVisualStudioVersion = 10.0.40219.1
Project("{FAE04EC0-301F-11D3-BF4B-00C04F79EFBC}") = "08-EreditarietaCollection", "08-EreditarietaCollection\08-EreditarietaCollection.csproj", "{C311D7DB-246B-4EAD-BF5B-BBE288D64E67}"
EndProject
Global
	GlobalSection(SolutionConfigurationPlatforms) = preSolution
		Debug|Any CPU = Debug|Any CPU
		Release|Any CPU = Release|Any CPU
	EndGlobalSection
	GlobalSection(ProjectConfigurationPlatforms) = postSolution
		{C311D7DB-246B-4EAD-BF5B-BBE288D64E67}.Debug|Any CPU.ActiveCfg = Debug|Any CPU
		{C311D7DB-246B-4EAD-BF5B-BBE288D64E67}.Debug|Any CPU.Build.0 = Debug|Any CPU
		{C311D7DB-246B-4EAD-BF5B-BBE288D64E67}.Release|Any CPU.ActiveCfg = Release|Any CPU
		{C311D7DB-246B-4EAD-BF5B-BBE288D64E67}.Release|Any CPU.Build.0 = Release|Any CPU
	EndGlobalSection
	GlobalSection(SolutionProperties) = preSolution
		HideSolutionNode = FALSE
	EndGlobalSection
	GlobalSection(ExtensibilityGlobals) = postSolution
		SolutionGuid = {A47DA8AE-E663-46EF-894E-F4EE5130D829}
	EndGlobalSection
EndGlobal
