
Microsoft Visual Studio Solution File, Format Version 12.00
# Visual Studio Version 17
VisualStudioVersion = 17.3.32901.215
MinimumVisualStudioVersion = 10.0.40219.1
Project("{FAE04EC0-301F-11D3-BF4B-00C04F79EFBC}") = "09-CollectionLibri", "09-CollectionLibri\09-CollectionLibri.csproj", "{8D190C39-5090-433A-B85A-8B07B465B68C}"
EndProject
Global
	GlobalSection(SolutionConfigurationPlatforms) = preSolution
		Debug|Any CPU = Debug|Any CPU
		Release|Any CPU = Release|Any CPU
	EndGlobalSection
	GlobalSection(ProjectConfigurationPlatforms) = postSolution
		{8D190C39-5090-433A-B85A-8B07B465B68C}.Debug|Any CPU.ActiveCfg = Debug|Any CPU
		{8D190C39-5090-433A-B85A-8B07B465B68C}.Debug|Any CPU.Build.0 = Debug|Any CPU
		{8D190C39-5090-433A-B85A-8B07B465B68C}.Release|Any CPU.ActiveCfg = Release|Any CPU
		{8D190C39-5090-433A-B85A-8B07B465B68C}.Release|Any CPU.Build.0 = Release|Any CPU
	EndGlobalSection
	GlobalSection(SolutionProperties) = preSolution
		HideSolutionNode = FALSE
	EndGlobalSection
	GlobalSection(ExtensibilityGlobals) = postSolution
		SolutionGuid = {B3B44537-C4EE-41C6-9047-CDBF9AE23F65}
	EndGlobalSection
EndGlobal
