
Microsoft Visual Studio Solution File, Format Version 12.00
# Visual Studio Version 16
VisualStudioVersion = 16.0.29503.13
MinimumVisualStudioVersion = 10.0.40219.1
Project("{FAE04EC0-301F-11D3-BF4B-00C04F79EFBC}") = "06-ClasseIndexata", "06-ClasseIndexata\06-ClasseIndexata.csproj", "{95262162-B788-4FE9-8869-DBDBE88AD79C}"
EndProject
Global
	GlobalSection(SolutionConfigurationPlatforms) = preSolution
		Debug|Any CPU = Debug|Any CPU
		Release|Any CPU = Release|Any CPU
	EndGlobalSection
	GlobalSection(ProjectConfigurationPlatforms) = postSolution
		{95262162-B788-4FE9-8869-DBDBE88AD79C}.Debug|Any CPU.ActiveCfg = Debug|Any CPU
		{95262162-B788-4FE9-8869-DBDBE88AD79C}.Debug|Any CPU.Build.0 = Debug|Any CPU
		{95262162-B788-4FE9-8869-DBDBE88AD79C}.Release|Any CPU.ActiveCfg = Release|Any CPU
		{95262162-B788-4FE9-8869-DBDBE88AD79C}.Release|Any CPU.Build.0 = Release|Any CPU
	EndGlobalSection
	GlobalSection(SolutionProperties) = preSolution
		HideSolutionNode = FALSE
	EndGlobalSection
	GlobalSection(ExtensibilityGlobals) = postSolution
		SolutionGuid = {B6BE886B-92E6-4D41-AE83-C4F62C5A8ADE}
	EndGlobalSection
EndGlobal
