
Microsoft Visual Studio Solution File, Format Version 12.00
# Visual Studio Version 16
VisualStudioVersion = 16.0.29411.108
MinimumVisualStudioVersion = 10.0.40219.1
Project("{FAE04EC0-301F-11D3-BF4B-00C04F79EFBC}") = "EsSQL05-Join", "EsSQL05-Join\EsSQL05-Join.csproj", "{31DF15AD-F7DC-4144-90BC-BD31EFE3ECF5}"
EndProject
Global
	GlobalSection(SolutionConfigurationPlatforms) = preSolution
		Debug|Any CPU = Debug|Any CPU
		Release|Any CPU = Release|Any CPU
	EndGlobalSection
	GlobalSection(ProjectConfigurationPlatforms) = postSolution
		{31DF15AD-F7DC-4144-90BC-BD31EFE3ECF5}.Debug|Any CPU.ActiveCfg = Debug|Any CPU
		{31DF15AD-F7DC-4144-90BC-BD31EFE3ECF5}.Debug|Any CPU.Build.0 = Debug|Any CPU
		{31DF15AD-F7DC-4144-90BC-BD31EFE3ECF5}.Release|Any CPU.ActiveCfg = Release|Any CPU
		{31DF15AD-F7DC-4144-90BC-BD31EFE3ECF5}.Release|Any CPU.Build.0 = Release|Any CPU
	EndGlobalSection
	GlobalSection(SolutionProperties) = preSolution
		HideSolutionNode = FALSE
	EndGlobalSection
	GlobalSection(ExtensibilityGlobals) = postSolution
		SolutionGuid = {4ACF57A8-CF8A-4288-8E56-E044E00AF6B5}
	EndGlobalSection
EndGlobal
